
Microsoft Visual Studio Solution File, Format Version 12.00
# Visual Studio 15
VisualStudioVersion = 15.0.28307.438
MinimumVisualStudioVersion = 10.0.40219.1
Project("{FAE04EC0-301F-11D3-BF4B-00C04F79EFBC}") = "DataBaseProject", "DataBaseProject\DataBaseProject.csproj", "{194AD82E-93CE-4304-81C1-F9F32E5A317E}"
EndProject
Global
	GlobalSection(SolutionConfigurationPlatforms) = preSolution
		Debug|Any CPU = Debug|Any CPU
		Release|Any CPU = Release|Any CPU
	EndGlobalSection
	GlobalSection(ProjectConfigurationPlatforms) = postSolution
		{194AD82E-93CE-4304-81C1-F9F32E5A317E}.Debug|Any CPU.ActiveCfg = Debug|Any CPU
		{194AD82E-93CE-4304-81C1-F9F32E5A317E}.Debug|Any CPU.Build.0 = Debug|Any CPU
		{194AD82E-93CE-4304-81C1-F9F32E5A317E}.Release|Any CPU.ActiveCfg = Release|Any CPU
		{194AD82E-93CE-4304-81C1-F9F32E5A317E}.Release|Any CPU.Build.0 = Release|Any CPU
	EndGlobalSection
	GlobalSection(SolutionProperties) = preSolution
		HideSolutionNode = FALSE
	EndGlobalSection
	GlobalSection(ExtensibilityGlobals) = postSolution
		SolutionGuid = {FD75B1A2-ABAC-49AF-A3DD-63DACC2D4E3F}
	EndGlobalSection
EndGlobal
